
Microsoft Visual Studio Solution File, Format Version 12.00
# Visual Studio Version 16
VisualStudioVersion = 16.0.29102.190
MinimumVisualStudioVersion = 10.0.40219.1
Project("{9A19103F-16F7-4668-BE54-9A1E7A4F7556}") = "ScannitSharp", "ScannitSharp\ScannitSharp.csproj", "{755A191A-DAB0-427D-B5D9-39C9A2175DCA}"
EndProject
Project("{FAE04EC0-301F-11D3-BF4B-00C04F79EFBC}") = "ScannitSharp.UwpExample", "ScannitSharp.UwpExample\ScannitSharp.UwpExample.csproj", "{DE2A1DA4-7B07-4E3B-9967-7510BAA34E27}"
EndProject
Project("{2150E333-8FDC-42A3-9474-1A3956D46DE8}") = "Solution Items", "Solution Items", "{695897B4-7D84-49AA-BEE1-1CB63E6B13B9}"
	ProjectSection(SolutionItems) = preProject
		azure-pipelines.yml = azure-pipelines.yml
	EndProjectSection
EndProject
Global
	GlobalSection(SolutionConfigurationPlatforms) = preSolution
		Debug|Any CPU = Debug|Any CPU
		Debug|ARM = Debug|ARM
		Debug|ARM64 = Debug|ARM64
		Debug|x64 = Debug|x64
		Debug|x86 = Debug|x86
		Release|Any CPU = Release|Any CPU
		Release|ARM = Release|ARM
		Release|ARM64 = Release|ARM64
		Release|x64 = Release|x64
		Release|x86 = Release|x86
	EndGlobalSection
	GlobalSection(ProjectConfigurationPlatforms) = postSolution
		{755A191A-DAB0-427D-B5D9-39C9A2175DCA}.Debug|Any CPU.ActiveCfg = Debug|Any CPU
		{755A191A-DAB0-427D-B5D9-39C9A2175DCA}.Debug|Any CPU.Build.0 = Debug|Any CPU
		{755A191A-DAB0-427D-B5D9-39C9A2175DCA}.Debug|ARM.ActiveCfg = Debug|Any CPU
		{755A191A-DAB0-427D-B5D9-39C9A2175DCA}.Debug|ARM.Build.0 = Debug|Any CPU
		{755A191A-DAB0-427D-B5D9-39C9A2175DCA}.Debug|ARM64.ActiveCfg = Debug|Any CPU
		{755A191A-DAB0-427D-B5D9-39C9A2175DCA}.Debug|ARM64.Build.0 = Debug|Any CPU
		{755A191A-DAB0-427D-B5D9-39C9A2175DCA}.Debug|x64.ActiveCfg = Debug|Any CPU
		{755A191A-DAB0-427D-B5D9-39C9A2175DCA}.Debug|x64.Build.0 = Debug|Any CPU
		{755A191A-DAB0-427D-B5D9-39C9A2175DCA}.Debug|x86.ActiveCfg = Debug|Any CPU
		{755A191A-DAB0-427D-B5D9-39C9A2175DCA}.Debug|x86.Build.0 = Debug|Any CPU
		{755A191A-DAB0-427D-B5D9-39C9A2175DCA}.Release|Any CPU.ActiveCfg = Release|Any CPU
		{755A191A-DAB0-427D-B5D9-39C9A2175DCA}.Release|Any CPU.Build.0 = Release|Any CPU
		{755A191A-DAB0-427D-B5D9-39C9A2175DCA}.Release|ARM.ActiveCfg = Release|Any CPU
		{755A191A-DAB0-427D-B5D9-39C9A2175DCA}.Release|ARM.Build.0 = Release|Any CPU
		{755A191A-DAB0-427D-B5D9-39C9A2175DCA}.Release|ARM64.ActiveCfg = Release|Any CPU
		{755A191A-DAB0-427D-B5D9-39C9A2175DCA}.Release|ARM64.Build.0 = Release|Any CPU
		{755A191A-DAB0-427D-B5D9-39C9A2175DCA}.Release|x64.ActiveCfg = Release|Any CPU
		{755A191A-DAB0-427D-B5D9-39C9A2175DCA}.Release|x64.Build.0 = Release|Any CPU
		{755A191A-DAB0-427D-B5D9-39C9A2175DCA}.Release|x86.ActiveCfg = Release|Any CPU
		{755A191A-DAB0-427D-B5D9-39C9A2175DCA}.Release|x86.Build.0 = Release|Any CPU
		{DE2A1DA4-7B07-4E3B-9967-7510BAA34E27}.Debug|Any CPU.ActiveCfg = Debug|x86
		{DE2A1DA4-7B07-4E3B-9967-7510BAA34E27}.Debug|ARM.ActiveCfg = Debug|ARM
		{DE2A1DA4-7B07-4E3B-9967-7510BAA34E27}.Debug|ARM.Build.0 = Debug|ARM
		{DE2A1DA4-7B07-4E3B-9967-7510BAA34E27}.Debug|ARM.Deploy.0 = Debug|ARM
		{DE2A1DA4-7B07-4E3B-9967-7510BAA34E27}.Debug|ARM64.ActiveCfg = Debug|ARM64
		{DE2A1DA4-7B07-4E3B-9967-7510BAA34E27}.Debug|ARM64.Build.0 = Debug|ARM64
		{DE2A1DA4-7B07-4E3B-9967-7510BAA34E27}.Debug|ARM64.Deploy.0 = Debug|ARM64
		{DE2A1DA4-7B07-4E3B-9967-7510BAA34E27}.Debug|x64.ActiveCfg = Debug|x64
		{DE2A1DA4-7B07-4E3B-9967-7510BAA34E27}.Debug|x64.Build.0 = Debug|x64
		{DE2A1DA4-7B07-4E3B-9967-7510BAA34E27}.Debug|x64.Deploy.0 = Debug|x64
		{DE2A1DA4-7B07-4E3B-9967-7510BAA34E27}.Debug|x86.ActiveCfg = Debug|x86
		{DE2A1DA4-7B07-4E3B-9967-7510BAA34E27}.Debug|x86.Build.0 = Debug|x86
		{DE2A1DA4-7B07-4E3B-9967-7510BAA34E27}.Debug|x86.Deploy.0 = Debug|x86
		{DE2A1DA4-7B07-4E3B-9967-7510BAA34E27}.Release|Any CPU.ActiveCfg = Release|x86
		{DE2A1DA4-7B07-4E3B-9967-7510BAA34E27}.Release|ARM.ActiveCfg = Release|ARM
		{DE2A1DA4-7B07-4E3B-9967-7510BAA34E27}.Release|ARM.Build.0 = Release|ARM
		{DE2A1DA4-7B07-4E3B-9967-7510BAA34E27}.Release|ARM.Deploy.0 = Release|ARM
		{DE2A1DA4-7B07-4E3B-9967-7510BAA34E27}.Release|ARM64.ActiveCfg = Release|ARM64
		{DE2A1DA4-7B07-4E3B-9967-7510BAA34E27}.Release|ARM64.Build.0 = Release|ARM64
		{DE2A1DA4-7B07-4E3B-9967-7510BAA34E27}.Release|ARM64.Deploy.0 = Release|ARM64
		{DE2A1DA4-7B07-4E3B-9967-7510BAA34E27}.Release|x64.ActiveCfg = Release|x64
		{DE2A1DA4-7B07-4E3B-9967-7510BAA34E27}.Release|x64.Build.0 = Release|x64
		{DE2A1DA4-7B07-4E3B-9967-7510BAA34E27}.Release|x64.Deploy.0 = Release|x64
		{DE2A1DA4-7B07-4E3B-9967-7510BAA34E27}.Release|x86.ActiveCfg = Release|x86
		{DE2A1DA4-7B07-4E3B-9967-7510BAA34E27}.Release|x86.Build.0 = Release|x86
		{DE2A1DA4-7B07-4E3B-9967-7510BAA34E27}.Release|x86.Deploy.0 = Release|x86
	EndGlobalSection
	GlobalSection(SolutionProperties) = preSolution
		HideSolutionNode = FALSE
	EndGlobalSection
	GlobalSection(ExtensibilityGlobals) = postSolution
		SolutionGuid = {D97503DD-BE03-45B1-9FC9-401089910F8F}
	EndGlobalSection
EndGlobal
